
Microsoft Visual Studio Solution File, Format Version 12.00
# Visual Studio Version 17
VisualStudioVersion = 17.11.35327.3
MinimumVisualStudioVersion = 10.0.40219.1
Project("{FAE04EC0-301F-11D3-BF4B-00C04F79EFBC}") = "ObstacleDetectionApp", "ObstacleDetectionApp.csproj", "{BE05354F-4543-4231-A790-EB5C66378E5C}"
EndProject
Global
	GlobalSection(SolutionConfigurationPlatforms) = preSolution
		Debug|Any CPU = Debug|Any CPU
		Release|Any CPU = Release|Any CPU
	EndGlobalSection
	GlobalSection(ProjectConfigurationPlatforms) = postSolution
		{BE05354F-4543-4231-A790-EB5C66378E5C}.Debug|Any CPU.ActiveCfg = Debug|Any CPU
		{BE05354F-4543-4231-A790-EB5C66378E5C}.Debug|Any CPU.Build.0 = Debug|Any CPU
		{BE05354F-4543-4231-A790-EB5C66378E5C}.Debug|Any CPU.Deploy.0 = Debug|Any CPU
		{BE05354F-4543-4231-A790-EB5C66378E5C}.Release|Any CPU.ActiveCfg = Release|Any CPU
		{BE05354F-4543-4231-A790-EB5C66378E5C}.Release|Any CPU.Build.0 = Release|Any CPU
		{BE05354F-4543-4231-A790-EB5C66378E5C}.Release|Any CPU.Deploy.0 = Release|Any CPU
	EndGlobalSection
	GlobalSection(SolutionProperties) = preSolution
		HideSolutionNode = FALSE
	EndGlobalSection
	GlobalSection(ExtensibilityGlobals) = postSolution
		SolutionGuid = {AC4E8301-E5EB-404D-A452-2285C812CC91}
	EndGlobalSection
EndGlobal
